
Microsoft Visual Studio Solution File, Format Version 12.00
# Visual Studio Version 17
VisualStudioVersion = 17.2.32505.173
MinimumVisualStudioVersion = 10.0.40219.1
Project("{FAE04EC0-301F-11D3-BF4B-00C04F79EFBC}") = "13", "13\13.csproj", "{57A5434D-753F-440F-9928-75F60598F941}"
EndProject
Global
	GlobalSection(SolutionConfigurationPlatforms) = preSolution
		Debug|Any CPU = Debug|Any CPU
		Release|Any CPU = Release|Any CPU
	EndGlobalSection
	GlobalSection(ProjectConfigurationPlatforms) = postSolution
		{57A5434D-753F-440F-9928-75F60598F941}.Debug|Any CPU.ActiveCfg = Debug|Any CPU
		{57A5434D-753F-440F-9928-75F60598F941}.Debug|Any CPU.Build.0 = Debug|Any CPU
		{57A5434D-753F-440F-9928-75F60598F941}.Release|Any CPU.ActiveCfg = Release|Any CPU
		{57A5434D-753F-440F-9928-75F60598F941}.Release|Any CPU.Build.0 = Release|Any CPU
	EndGlobalSection
	GlobalSection(SolutionProperties) = preSolution
		HideSolutionNode = FALSE
	EndGlobalSection
	GlobalSection(ExtensibilityGlobals) = postSolution
		SolutionGuid = {0DB4AA05-F72A-429C-845D-3E16AD8A1EB5}
	EndGlobalSection
EndGlobal
