
Microsoft Visual Studio Solution File, Format Version 12.00
# Visual Studio Version 17
VisualStudioVersion = 17.3.32825.248
MinimumVisualStudioVersion = 10.0.40219.1
Project("{FAE04EC0-301F-11D3-BF4B-00C04F79EFBC}") = "23", "23\23.csproj", "{3A924A9F-C2AE-4B47-8025-3739AA093E7C}"
EndProject
Global
	GlobalSection(SolutionConfigurationPlatforms) = preSolution
		Debug|Any CPU = Debug|Any CPU
		Release|Any CPU = Release|Any CPU
	EndGlobalSection
	GlobalSection(ProjectConfigurationPlatforms) = postSolution
		{3A924A9F-C2AE-4B47-8025-3739AA093E7C}.Debug|Any CPU.ActiveCfg = Debug|Any CPU
		{3A924A9F-C2AE-4B47-8025-3739AA093E7C}.Debug|Any CPU.Build.0 = Debug|Any CPU
		{3A924A9F-C2AE-4B47-8025-3739AA093E7C}.Release|Any CPU.ActiveCfg = Release|Any CPU
		{3A924A9F-C2AE-4B47-8025-3739AA093E7C}.Release|Any CPU.Build.0 = Release|Any CPU
	EndGlobalSection
	GlobalSection(SolutionProperties) = preSolution
		HideSolutionNode = FALSE
	EndGlobalSection
	GlobalSection(ExtensibilityGlobals) = postSolution
		SolutionGuid = {35520B66-EFC9-4702-B6F5-B8CD91A88E81}
	EndGlobalSection
EndGlobal
