
Microsoft Visual Studio Solution File, Format Version 12.00
# Visual Studio Version 17
VisualStudioVersion = 17.3.32825.248
MinimumVisualStudioVersion = 10.0.40219.1
Project("{FAE04EC0-301F-11D3-BF4B-00C04F79EFBC}") = "19.1", "19.1\19.1.csproj", "{5E07C1D3-F9AD-4086-9553-3F68297252B8}"
EndProject
Global
	GlobalSection(SolutionConfigurationPlatforms) = preSolution
		Debug|Any CPU = Debug|Any CPU
		Release|Any CPU = Release|Any CPU
	EndGlobalSection
	GlobalSection(ProjectConfigurationPlatforms) = postSolution
		{5E07C1D3-F9AD-4086-9553-3F68297252B8}.Debug|Any CPU.ActiveCfg = Debug|Any CPU
		{5E07C1D3-F9AD-4086-9553-3F68297252B8}.Debug|Any CPU.Build.0 = Debug|Any CPU
		{5E07C1D3-F9AD-4086-9553-3F68297252B8}.Release|Any CPU.ActiveCfg = Release|Any CPU
		{5E07C1D3-F9AD-4086-9553-3F68297252B8}.Release|Any CPU.Build.0 = Release|Any CPU
	EndGlobalSection
	GlobalSection(SolutionProperties) = preSolution
		HideSolutionNode = FALSE
	EndGlobalSection
	GlobalSection(ExtensibilityGlobals) = postSolution
		SolutionGuid = {C26BB386-CDE5-4F73-A47E-B85EC378C771}
	EndGlobalSection
EndGlobal
