
Microsoft Visual Studio Solution File, Format Version 12.00
# Visual Studio Version 17
VisualStudioVersion = 17.3.32825.248
MinimumVisualStudioVersion = 10.0.40219.1
Project("{FAE04EC0-301F-11D3-BF4B-00C04F79EFBC}") = "20", "20\20.csproj", "{A80C95AC-CA11-407D-95B5-F70A3F3CC5E2}"
EndProject
Global
	GlobalSection(SolutionConfigurationPlatforms) = preSolution
		Debug|Any CPU = Debug|Any CPU
		Release|Any CPU = Release|Any CPU
	EndGlobalSection
	GlobalSection(ProjectConfigurationPlatforms) = postSolution
		{A80C95AC-CA11-407D-95B5-F70A3F3CC5E2}.Debug|Any CPU.ActiveCfg = Debug|Any CPU
		{A80C95AC-CA11-407D-95B5-F70A3F3CC5E2}.Debug|Any CPU.Build.0 = Debug|Any CPU
		{A80C95AC-CA11-407D-95B5-F70A3F3CC5E2}.Release|Any CPU.ActiveCfg = Release|Any CPU
		{A80C95AC-CA11-407D-95B5-F70A3F3CC5E2}.Release|Any CPU.Build.0 = Release|Any CPU
	EndGlobalSection
	GlobalSection(SolutionProperties) = preSolution
		HideSolutionNode = FALSE
	EndGlobalSection
	GlobalSection(ExtensibilityGlobals) = postSolution
		SolutionGuid = {FB60F829-6EB9-4E61-A548-2E39CDE339B3}
	EndGlobalSection
EndGlobal
